
Microsoft Visual Studio Solution File, Format Version 12.00
# Visual Studio Version 16
VisualStudioVersion = 16.0.29905.134
MinimumVisualStudioVersion = 10.0.40219.1
Project("{FAE04EC0-301F-11D3-BF4B-00C04F79EFBC}") = "cw12", "cw12\cw12.csproj", "{FB25940C-177C-495E-B6D6-EF6CD774D12D}"
EndProject
Global
	GlobalSection(SolutionConfigurationPlatforms) = preSolution
		Debug|Any CPU = Debug|Any CPU
		Release|Any CPU = Release|Any CPU
	EndGlobalSection
	GlobalSection(ProjectConfigurationPlatforms) = postSolution
		{FB25940C-177C-495E-B6D6-EF6CD774D12D}.Debug|Any CPU.ActiveCfg = Debug|Any CPU
		{FB25940C-177C-495E-B6D6-EF6CD774D12D}.Debug|Any CPU.Build.0 = Debug|Any CPU
		{FB25940C-177C-495E-B6D6-EF6CD774D12D}.Release|Any CPU.ActiveCfg = Release|Any CPU
		{FB25940C-177C-495E-B6D6-EF6CD774D12D}.Release|Any CPU.Build.0 = Release|Any CPU
	EndGlobalSection
	GlobalSection(SolutionProperties) = preSolution
		HideSolutionNode = FALSE
	EndGlobalSection
	GlobalSection(ExtensibilityGlobals) = postSolution
		SolutionGuid = {BF0CEAC7-7F40-4236-9611-6474BC457BA5}
	EndGlobalSection
EndGlobal
